{
  "name": "betterman",
  "version": "1.0.0",
  "description": "promotional websitee",
  "main": "index.js",
  "scripts": {
    "test": "echo \"Error: no test specified\" && exit 1",
    "build": "npx @11ty/eleventy"
  },
  "devDependencies": {
    "@11ty/eleventy-navigation": "^0.3.5"
  },
  "repository": {
    "type": "git",
    "url": "git+https://github.com/Shaun-Walsh/betterman.git"
  },
  "author": "Shaun Walsh",
  "license": "ISC",
  "bugs": {
    "url": "https://github.com/Shaun-Walsh/betterman/issues"
  },
  "homepage": "https://github.com/Shaun-Walsh/betterman#readme",
  "dependencies": {
    "dependency-graph": "^0.11.0"
  },
  "keywords": []
}